// !$*UTF8*$!
{
	archiveVersion = 1;
	classes = {
	};
	objectVersion = 54;
	objects = {

/* Begin PBXAggregateTarget section */
		"LSFoundation::LSFoundationPackageTests::ProductTarget" /* LSFoundationPackageTests */ = {
			isa = PBXAggregateTarget;
			buildConfigurationList = OBJ_32 /* Build configuration list for PBXAggregateTarget "LSFoundationPackageTests" */;
			buildPhases = (
			);
			dependencies = (
				OBJ_35 /* PBXTargetDependency */,
			);
			name = LSFoundationPackageTests;
			productName = LSFoundationPackageTests;
		};
/* End PBXAggregateTarget section */

/* Begin PBXBuildFile section */
		F269265E25894192008128FB /* TimeZone+LSFoundation.swift in Sources */ = {isa = PBXBuildFile; fileRef = F269265D25894192008128FB /* TimeZone+LSFoundation.swift */; };
		F2EB17E2258A425A00D1AB20 /* Sequence+LSFoundation.swift in Sources */ = {isa = PBXBuildFile; fileRef = F2EB17E1258A425A00D1AB20 /* Sequence+LSFoundation.swift */; };
		F2EB17E8258A47B400D1AB20 /* Numeric+LSFoundation.swift in Sources */ = {isa = PBXBuildFile; fileRef = F2EB17E7258A47B400D1AB20 /* Numeric+LSFoundation.swift */; };
		F2EB17FE258A4FBC00D1AB20 /* Bool+LSFoundation.swift in Sources */ = {isa = PBXBuildFile; fileRef = F2EB17FD258A4FBC00D1AB20 /* Bool+LSFoundation.swift */; };
		F2EB1810258A55CC00D1AB20 /* Date+LSFoundation.swift in Sources */ = {isa = PBXBuildFile; fileRef = F2EB180F258A55CC00D1AB20 /* Date+LSFoundation.swift */; };
		F2EB1816258A561300D1AB20 /* URL+LSFoundation.swift in Sources */ = {isa = PBXBuildFile; fileRef = F2EB1815258A561300D1AB20 /* URL+LSFoundation.swift */; };
		OBJ_23 /* LSFoundation.swift in Sources */ = {isa = PBXBuildFile; fileRef = OBJ_9 /* LSFoundation.swift */; };
		OBJ_30 /* Package.swift in Sources */ = {isa = PBXBuildFile; fileRef = OBJ_6 /* Package.swift */; };
		OBJ_41 /* LSFoundationTests.swift in Sources */ = {isa = PBXBuildFile; fileRef = OBJ_12 /* LSFoundationTests.swift */; };
		OBJ_42 /* XCTestManifests.swift in Sources */ = {isa = PBXBuildFile; fileRef = OBJ_13 /* XCTestManifests.swift */; };
		OBJ_44 /* LSFoundation.framework in Frameworks */ = {isa = PBXBuildFile; fileRef = "LSFoundation::LSFoundation::Product" /* LSFoundation.framework */; };
/* End PBXBuildFile section */

/* Begin PBXContainerItemProxy section */
		4A89E7F0258672840074996A /* PBXContainerItemProxy */ = {
			isa = PBXContainerItemProxy;
			containerPortal = OBJ_1 /* Project object */;
			proxyType = 1;
			remoteGlobalIDString = "LSFoundation::LSFoundation";
			remoteInfo = LSFoundation;
		};
		4A89E7F3258672860074996A /* PBXContainerItemProxy */ = {
			isa = PBXContainerItemProxy;
			containerPortal = OBJ_1 /* Project object */;
			proxyType = 1;
			remoteGlobalIDString = "LSFoundation::LSFoundationTests";
			remoteInfo = LSFoundationTests;
		};
/* End PBXContainerItemProxy section */

/* Begin PBXFileReference section */
		4A62F1862586735A00661881 /* .swiftlint.yml */ = {isa = PBXFileReference; lastKnownFileType = text.yaml; path = .swiftlint.yml; sourceTree = "<group>"; };
		4A62F18D2586741900661881 /* CHANGELOG.md */ = {isa = PBXFileReference; lastKnownFileType = net.daringfireball.markdown; path = CHANGELOG.md; sourceTree = "<group>"; };
		4A62F18E2586749700661881 /* LICENSE */ = {isa = PBXFileReference; lastKnownFileType = text; path = LICENSE; sourceTree = "<group>"; };
		4AFB7BFF258672F600005520 /* .gitignore */ = {isa = PBXFileReference; lastKnownFileType = text; path = .gitignore; sourceTree = "<group>"; };
		F269265D25894192008128FB /* TimeZone+LSFoundation.swift */ = {isa = PBXFileReference; lastKnownFileType = sourcecode.swift; path = "TimeZone+LSFoundation.swift"; sourceTree = "<group>"; };
		F2EB17E1258A425A00D1AB20 /* Sequence+LSFoundation.swift */ = {isa = PBXFileReference; lastKnownFileType = sourcecode.swift; path = "Sequence+LSFoundation.swift"; sourceTree = "<group>"; };
		F2EB17E7258A47B400D1AB20 /* Numeric+LSFoundation.swift */ = {isa = PBXFileReference; lastKnownFileType = sourcecode.swift; path = "Numeric+LSFoundation.swift"; sourceTree = "<group>"; };
		F2EB17FD258A4FBC00D1AB20 /* Bool+LSFoundation.swift */ = {isa = PBXFileReference; lastKnownFileType = sourcecode.swift; path = "Bool+LSFoundation.swift"; sourceTree = "<group>"; };
		F2EB180F258A55CC00D1AB20 /* Date+LSFoundation.swift */ = {isa = PBXFileReference; lastKnownFileType = sourcecode.swift; path = "Date+LSFoundation.swift"; sourceTree = "<group>"; };
		F2EB1815258A561300D1AB20 /* URL+LSFoundation.swift */ = {isa = PBXFileReference; lastKnownFileType = sourcecode.swift; path = "URL+LSFoundation.swift"; sourceTree = "<group>"; };
		F2EB181B258A56ED00D1AB20 /* LSFoundation.playground */ = {isa = PBXFileReference; lastKnownFileType = file.playground; path = LSFoundation.playground; sourceTree = "<group>"; xcLanguageSpecificationIdentifier = xcode.lang.swift; };
		"LSFoundation::LSFoundation::Product" /* LSFoundation.framework */ = {isa = PBXFileReference; explicitFileType = wrapper.framework; path = LSFoundation.framework; sourceTree = BUILT_PRODUCTS_DIR; };
		"LSFoundation::LSFoundationTests::Product" /* LSFoundationTests.xctest */ = {isa = PBXFileReference; lastKnownFileType = file; path = LSFoundationTests.xctest; sourceTree = BUILT_PRODUCTS_DIR; };
		OBJ_12 /* LSFoundationTests.swift */ = {isa = PBXFileReference; lastKnownFileType = sourcecode.swift; path = LSFoundationTests.swift; sourceTree = "<group>"; };
		OBJ_13 /* XCTestManifests.swift */ = {isa = PBXFileReference; lastKnownFileType = sourcecode.swift; path = XCTestManifests.swift; sourceTree = "<group>"; };
		OBJ_17 /* README.md */ = {isa = PBXFileReference; lastKnownFileType = net.daringfireball.markdown; path = README.md; sourceTree = "<group>"; };
		OBJ_6 /* Package.swift */ = {isa = PBXFileReference; explicitFileType = sourcecode.swift; path = Package.swift; sourceTree = "<group>"; };
		OBJ_9 /* LSFoundation.swift */ = {isa = PBXFileReference; lastKnownFileType = sourcecode.swift; path = LSFoundation.swift; sourceTree = "<group>"; };
/* End PBXFileReference section */

/* Begin PBXFrameworksBuildPhase section */
		OBJ_24 /* Frameworks */ = {
			isa = PBXFrameworksBuildPhase;
			buildActionMask = 0;
			files = (
			);
			runOnlyForDeploymentPostprocessing = 0;
		};
		OBJ_43 /* Frameworks */ = {
			isa = PBXFrameworksBuildPhase;
			buildActionMask = 0;
			files = (
				OBJ_44 /* LSFoundation.framework in Frameworks */,
			);
			runOnlyForDeploymentPostprocessing = 0;
		};
/* End PBXFrameworksBuildPhase section */

/* Begin PBXGroup section */
		OBJ_10 /* Tests */ = {
			isa = PBXGroup;
			children = (
				OBJ_11 /* LSFoundationTests */,
			);
			path = Tests;
			sourceTree = SOURCE_ROOT;
		};
		OBJ_11 /* LSFoundationTests */ = {
			isa = PBXGroup;
			children = (
				OBJ_12 /* LSFoundationTests.swift */,
				OBJ_13 /* XCTestManifests.swift */,
			);
			name = LSFoundationTests;
			path = Tests/LSFoundationTests;
			sourceTree = SOURCE_ROOT;
		};
		OBJ_14 /* Products */ = {
			isa = PBXGroup;
			children = (
				"LSFoundation::LSFoundationTests::Product" /* LSFoundationTests.xctest */,
				"LSFoundation::LSFoundation::Product" /* LSFoundation.framework */,
			);
			name = Products;
			sourceTree = BUILT_PRODUCTS_DIR;
		};
		OBJ_5 = {
			isa = PBXGroup;
			children = (
				F2EB181B258A56ED00D1AB20 /* LSFoundation.playground */,
				OBJ_17 /* README.md */,
				4A62F18D2586741900661881 /* CHANGELOG.md */,
				4A62F18E2586749700661881 /* LICENSE */,
				OBJ_6 /* Package.swift */,
				4A62F1862586735A00661881 /* .swiftlint.yml */,
				4AFB7BFF258672F600005520 /* .gitignore */,
				OBJ_7 /* Sources */,
				OBJ_10 /* Tests */,
				OBJ_14 /* Products */,
			);
			sourceTree = "<group>";
		};
		OBJ_7 /* Sources */ = {
			isa = PBXGroup;
			children = (
				OBJ_8 /* LSFoundation */,
			);
			path = Sources;
			sourceTree = SOURCE_ROOT;
		};
		OBJ_8 /* LSFoundation */ = {
			isa = PBXGroup;
			children = (
				OBJ_9 /* LSFoundation.swift */,
				F269265D25894192008128FB /* TimeZone+LSFoundation.swift */,
				F2EB17E1258A425A00D1AB20 /* Sequence+LSFoundation.swift */,
				F2EB17E7258A47B400D1AB20 /* Numeric+LSFoundation.swift */,
				F2EB17FD258A4FBC00D1AB20 /* Bool+LSFoundation.swift */,
				F2EB180F258A55CC00D1AB20 /* Date+LSFoundation.swift */,
				F2EB1815258A561300D1AB20 /* URL+LSFoundation.swift */,
			);
			name = LSFoundation;
			path = Sources/LSFoundation;
			sourceTree = SOURCE_ROOT;
		};
/* End PBXGroup section */

/* Begin PBXNativeTarget section */
		"LSFoundation::LSFoundation" /* LSFoundation */ = {
			isa = PBXNativeTarget;
			buildConfigurationList = OBJ_19 /* Build configuration list for PBXNativeTarget "LSFoundation" */;
			buildPhases = (
				4A62F18B258673B600661881 /* Run SwiftLint */,
				OBJ_22 /* Sources */,
				OBJ_24 /* Frameworks */,
			);
			buildRules = (
			);
			dependencies = (
			);
			name = LSFoundation;
			productName = LSFoundation;
			productReference = "LSFoundation::LSFoundation::Product" /* LSFoundation.framework */;
			productType = "com.apple.product-type.framework";
		};
		"LSFoundation::LSFoundationTests" /* LSFoundationTests */ = {
			isa = PBXNativeTarget;
			buildConfigurationList = OBJ_37 /* Build configuration list for PBXNativeTarget "LSFoundationTests" */;
			buildPhases = (
				4A62F18C258673D300661881 /* Run SwiftLint */,
				OBJ_40 /* Sources */,
				OBJ_43 /* Frameworks */,
			);
			buildRules = (
			);
			dependencies = (
				OBJ_45 /* PBXTargetDependency */,
			);
			name = LSFoundationTests;
			productName = LSFoundationTests;
			productReference = "LSFoundation::LSFoundationTests::Product" /* LSFoundationTests.xctest */;
			productType = "com.apple.product-type.bundle.unit-test";
		};
		"LSFoundation::SwiftPMPackageDescription" /* LSFoundationPackageDescription */ = {
			isa = PBXNativeTarget;
			buildConfigurationList = OBJ_26 /* Build configuration list for PBXNativeTarget "LSFoundationPackageDescription" */;
			buildPhases = (
				OBJ_29 /* Sources */,
			);
			buildRules = (
			);
			dependencies = (
			);
			name = LSFoundationPackageDescription;
			productName = LSFoundationPackageDescription;
			productType = "com.apple.product-type.framework";
		};
/* End PBXNativeTarget section */

/* Begin PBXProject section */
		OBJ_1 /* Project object */ = {
			isa = PBXProject;
			attributes = {
				LastSwiftMigration = 9999;
				LastUpgradeCheck = 9999;
				ORGANIZATIONNAME = Levelsoft;
				TargetAttributes = {
					"LSFoundation::LSFoundation" = {
						LastSwiftMigration = 1230;
					};
				};
			};
			buildConfigurationList = OBJ_2 /* Build configuration list for PBXProject "LSFoundation" */;
			compatibilityVersion = "Xcode 12.0";
			developmentRegion = en;
			hasScannedForEncodings = 0;
			knownRegions = (
				en,
			);
			mainGroup = OBJ_5;
			productRefGroup = OBJ_14 /* Products */;
			projectDirPath = "";
			projectRoot = "";
			targets = (
				"LSFoundation::LSFoundation" /* LSFoundation */,
				"LSFoundation::SwiftPMPackageDescription" /* LSFoundationPackageDescription */,
				"LSFoundation::LSFoundationPackageTests::ProductTarget" /* LSFoundationPackageTests */,
				"LSFoundation::LSFoundationTests" /* LSFoundationTests */,
			);
		};
/* End PBXProject section */

/* Begin PBXShellScriptBuildPhase section */
		4A62F18B258673B600661881 /* Run SwiftLint */ = {
			isa = PBXShellScriptBuildPhase;
			buildActionMask = 2147483647;
			files = (
			);
			inputFileListPaths = (
			);
			inputPaths = (
			);
			name = "Run SwiftLint";
			outputFileListPaths = (
			);
			outputPaths = (
			);
			runOnlyForDeploymentPostprocessing = 0;
			shellPath = /bin/sh;
			shellScript = "if which swiftlint >/dev/null; then\n  swiftlint\nelse\n  echo \"warning: SwiftLint not installed, download from https://github.com/realm/SwiftLint\"\nfi\n";
		};
		4A62F18C258673D300661881 /* Run SwiftLint */ = {
			isa = PBXShellScriptBuildPhase;
			buildActionMask = 2147483647;
			files = (
			);
			inputFileListPaths = (
			);
			inputPaths = (
			);
			name = "Run SwiftLint";
			outputFileListPaths = (
			);
			outputPaths = (
			);
			runOnlyForDeploymentPostprocessing = 0;
			shellPath = /bin/sh;
			shellScript = "if which swiftlint >/dev/null; then\n  swiftlint\nelse\n  echo \"warning: SwiftLint not installed, download from https://github.com/realm/SwiftLint\"\nfi\n";
		};
/* End PBXShellScriptBuildPhase section */

/* Begin PBXSourcesBuildPhase section */
		OBJ_22 /* Sources */ = {
			isa = PBXSourcesBuildPhase;
			buildActionMask = 0;
			files = (
				F2EB17E2258A425A00D1AB20 /* Sequence+LSFoundation.swift in Sources */,
				F2EB17E8258A47B400D1AB20 /* Numeric+LSFoundation.swift in Sources */,
				OBJ_23 /* LSFoundation.swift in Sources */,
				F2EB1816258A561300D1AB20 /* URL+LSFoundation.swift in Sources */,
				F269265E25894192008128FB /* TimeZone+LSFoundation.swift in Sources */,
				F2EB17FE258A4FBC00D1AB20 /* Bool+LSFoundation.swift in Sources */,
				F2EB1810258A55CC00D1AB20 /* Date+LSFoundation.swift in Sources */,
			);
			runOnlyForDeploymentPostprocessing = 0;
		};
		OBJ_29 /* Sources */ = {
			isa = PBXSourcesBuildPhase;
			buildActionMask = 0;
			files = (
				OBJ_30 /* Package.swift in Sources */,
			);
			runOnlyForDeploymentPostprocessing = 0;
		};
		OBJ_40 /* Sources */ = {
			isa = PBXSourcesBuildPhase;
			buildActionMask = 0;
			files = (
				OBJ_41 /* LSFoundationTests.swift in Sources */,
				OBJ_42 /* XCTestManifests.swift in Sources */,
			);
			runOnlyForDeploymentPostprocessing = 0;
		};
/* End PBXSourcesBuildPhase section */

/* Begin PBXTargetDependency section */
		OBJ_35 /* PBXTargetDependency */ = {
			isa = PBXTargetDependency;
			target = "LSFoundation::LSFoundationTests" /* LSFoundationTests */;
			targetProxy = 4A89E7F3258672860074996A /* PBXContainerItemProxy */;
		};
		OBJ_45 /* PBXTargetDependency */ = {
			isa = PBXTargetDependency;
			target = "LSFoundation::LSFoundation" /* LSFoundation */;
			targetProxy = 4A89E7F0258672840074996A /* PBXContainerItemProxy */;
		};
/* End PBXTargetDependency section */

/* Begin XCBuildConfiguration section */
		OBJ_20 /* Debug */ = {
			isa = XCBuildConfiguration;
			buildSettings = {
				CLANG_ENABLE_MODULES = YES;
				DEFINES_MODULE = YES;
				ENABLE_TESTABILITY = YES;
				FRAMEWORK_SEARCH_PATHS = (
					"$(inherited)",
					"$(PLATFORM_DIR)/Developer/Library/Frameworks",
				);
				HEADER_SEARCH_PATHS = "$(inherited)";
				INFOPLIST_FILE = LSFoundation.xcodeproj/LSFoundation_Info.plist;
				IPHONEOS_DEPLOYMENT_TARGET = 9.0;
				LD_RUNPATH_SEARCH_PATHS = (
					"$(inherited)",
					"$(TOOLCHAIN_DIR)/usr/lib/swift/macosx",
				);
				OTHER_CFLAGS = "$(inherited)";
				OTHER_LDFLAGS = "$(inherited)";
				OTHER_SWIFT_FLAGS = "$(inherited)";
				PRODUCT_BUNDLE_IDENTIFIER = LSFoundation;
				PRODUCT_MODULE_NAME = "$(TARGET_NAME:c99extidentifier)";
				PRODUCT_NAME = "$(TARGET_NAME:c99extidentifier)";
				SKIP_INSTALL = YES;
				SWIFT_ACTIVE_COMPILATION_CONDITIONS = "$(inherited)";
				SWIFT_OPTIMIZATION_LEVEL = "-Onone";
				SWIFT_VERSION = 5.0;
				TARGET_NAME = LSFoundation;
				TVOS_DEPLOYMENT_TARGET = 9.0;
				WATCHOS_DEPLOYMENT_TARGET = 2.0;
			};
			name = Debug;
		};
		OBJ_21 /* Release */ = {
			isa = XCBuildConfiguration;
			buildSettings = {
				CLANG_ENABLE_MODULES = YES;
				DEFINES_MODULE = YES;
				ENABLE_TESTABILITY = YES;
				FRAMEWORK_SEARCH_PATHS = (
					"$(inherited)",
					"$(PLATFORM_DIR)/Developer/Library/Frameworks",
				);
				HEADER_SEARCH_PATHS = "$(inherited)";
				INFOPLIST_FILE = LSFoundation.xcodeproj/LSFoundation_Info.plist;
				IPHONEOS_DEPLOYMENT_TARGET = 9.0;
				LD_RUNPATH_SEARCH_PATHS = (
					"$(inherited)",
					"$(TOOLCHAIN_DIR)/usr/lib/swift/macosx",
				);
				OTHER_CFLAGS = "$(inherited)";
				OTHER_LDFLAGS = "$(inherited)";
				OTHER_SWIFT_FLAGS = "$(inherited)";
				PRODUCT_BUNDLE_IDENTIFIER = LSFoundation;
				PRODUCT_MODULE_NAME = "$(TARGET_NAME:c99extidentifier)";
				PRODUCT_NAME = "$(TARGET_NAME:c99extidentifier)";
				SKIP_INSTALL = YES;
				SWIFT_ACTIVE_COMPILATION_CONDITIONS = "$(inherited)";
				SWIFT_VERSION = 5.0;
				TARGET_NAME = LSFoundation;
				TVOS_DEPLOYMENT_TARGET = 9.0;
				WATCHOS_DEPLOYMENT_TARGET = 2.0;
			};
			name = Release;
		};
		OBJ_27 /* Debug */ = {
			isa = XCBuildConfiguration;
			buildSettings = {
				LD = /usr/bin/true;
				OTHER_SWIFT_FLAGS = "-swift-version 5 -I $(TOOLCHAIN_DIR)/usr/lib/swift/pm/4_2 -sdk /Applications/Xcode.app/Contents/Developer/Platforms/MacOSX.platform/Developer/SDKs/MacOSX11.1.sdk -package-description-version 5.3.0";
				SWIFT_VERSION = 5.0;
			};
			name = Debug;
		};
		OBJ_28 /* Release */ = {
			isa = XCBuildConfiguration;
			buildSettings = {
				LD = /usr/bin/true;
				OTHER_SWIFT_FLAGS = "-swift-version 5 -I $(TOOLCHAIN_DIR)/usr/lib/swift/pm/4_2 -sdk /Applications/Xcode.app/Contents/Developer/Platforms/MacOSX.platform/Developer/SDKs/MacOSX11.1.sdk -package-description-version 5.3.0";
				SWIFT_VERSION = 5.0;
			};
			name = Release;
		};
		OBJ_3 /* Debug */ = {
			isa = XCBuildConfiguration;
			buildSettings = {
				CLANG_ENABLE_OBJC_ARC = YES;
				COMBINE_HIDPI_IMAGES = YES;
				COPY_PHASE_STRIP = NO;
				DEBUG_INFORMATION_FORMAT = dwarf;
				DYLIB_INSTALL_NAME_BASE = "@rpath";
				ENABLE_NS_ASSERTIONS = YES;
				GCC_OPTIMIZATION_LEVEL = 0;
				GCC_PREPROCESSOR_DEFINITIONS = (
					"$(inherited)",
					"SWIFT_PACKAGE=1",
					"DEBUG=1",
				);
				MACOSX_DEPLOYMENT_TARGET = 10.10;
				ONLY_ACTIVE_ARCH = YES;
				OTHER_SWIFT_FLAGS = "$(inherited) -DXcode";
				PRODUCT_NAME = "$(TARGET_NAME)";
				SDKROOT = macosx;
				SUPPORTED_PLATFORMS = "macosx iphoneos iphonesimulator appletvos appletvsimulator watchos watchsimulator";
				SWIFT_ACTIVE_COMPILATION_CONDITIONS = "$(inherited) SWIFT_PACKAGE DEBUG";
				SWIFT_OPTIMIZATION_LEVEL = "-Onone";
				USE_HEADERMAP = NO;
			};
			name = Debug;
		};
		OBJ_33 /* Debug */ = {
			isa = XCBuildConfiguration;
			buildSettings = {
			};
			name = Debug;
		};
		OBJ_34 /* Release */ = {
			isa = XCBuildConfiguration;
			buildSettings = {
			};
			name = Release;
		};
		OBJ_38 /* Debug */ = {
			isa = XCBuildConfiguration;
			buildSettings = {
				CLANG_ENABLE_MODULES = YES;
				EMBEDDED_CONTENT_CONTAINS_SWIFT = YES;
				FRAMEWORK_SEARCH_PATHS = (
					"$(inherited)",
					"$(PLATFORM_DIR)/Developer/Library/Frameworks",
				);
				HEADER_SEARCH_PATHS = "$(inherited)";
				INFOPLIST_FILE = LSFoundation.xcodeproj/LSFoundationTests_Info.plist;
				IPHONEOS_DEPLOYMENT_TARGET = 14.0;
				LD_RUNPATH_SEARCH_PATHS = (
					"$(inherited)",
					"@loader_path/../Frameworks",
					"@loader_path/Frameworks",
				);
				MACOSX_DEPLOYMENT_TARGET = 10.15;
				OTHER_CFLAGS = "$(inherited)";
				OTHER_LDFLAGS = "$(inherited)";
				OTHER_SWIFT_FLAGS = "$(inherited)";
				SWIFT_ACTIVE_COMPILATION_CONDITIONS = "$(inherited)";
				SWIFT_VERSION = 5.0;
				TARGET_NAME = LSFoundationTests;
				TVOS_DEPLOYMENT_TARGET = 9.0;
				WATCHOS_DEPLOYMENT_TARGET = 2.0;
			};
			name = Debug;
		};
		OBJ_39 /* Release */ = {
			isa = XCBuildConfiguration;
			buildSettings = {
				CLANG_ENABLE_MODULES = YES;
				EMBEDDED_CONTENT_CONTAINS_SWIFT = YES;
				FRAMEWORK_SEARCH_PATHS = (
					"$(inherited)",
					"$(PLATFORM_DIR)/Developer/Library/Frameworks",
				);
				HEADER_SEARCH_PATHS = "$(inherited)";
				INFOPLIST_FILE = LSFoundation.xcodeproj/LSFoundationTests_Info.plist;
				IPHONEOS_DEPLOYMENT_TARGET = 14.0;
				LD_RUNPATH_SEARCH_PATHS = (
					"$(inherited)",
					"@loader_path/../Frameworks",
					"@loader_path/Frameworks",
				);
				MACOSX_DEPLOYMENT_TARGET = 10.15;
				OTHER_CFLAGS = "$(inherited)";
				OTHER_LDFLAGS = "$(inherited)";
				OTHER_SWIFT_FLAGS = "$(inherited)";
				SWIFT_ACTIVE_COMPILATION_CONDITIONS = "$(inherited)";
				SWIFT_VERSION = 5.0;
				TARGET_NAME = LSFoundationTests;
				TVOS_DEPLOYMENT_TARGET = 9.0;
				WATCHOS_DEPLOYMENT_TARGET = 2.0;
			};
			name = Release;
		};
		OBJ_4 /* Release */ = {
			isa = XCBuildConfiguration;
			buildSettings = {
				CLANG_ENABLE_OBJC_ARC = YES;
				COMBINE_HIDPI_IMAGES = YES;
				COPY_PHASE_STRIP = YES;
				DEBUG_INFORMATION_FORMAT = "dwarf-with-dsym";
				DYLIB_INSTALL_NAME_BASE = "@rpath";
				GCC_OPTIMIZATION_LEVEL = s;
				GCC_PREPROCESSOR_DEFINITIONS = (
					"$(inherited)",
					"SWIFT_PACKAGE=1",
				);
				MACOSX_DEPLOYMENT_TARGET = 10.10;
				OTHER_SWIFT_FLAGS = "$(inherited) -DXcode";
				PRODUCT_NAME = "$(TARGET_NAME)";
				SDKROOT = macosx;
				SUPPORTED_PLATFORMS = "macosx iphoneos iphonesimulator appletvos appletvsimulator watchos watchsimulator";
				SWIFT_ACTIVE_COMPILATION_CONDITIONS = "$(inherited) SWIFT_PACKAGE";
				SWIFT_COMPILATION_MODE = wholemodule;
				SWIFT_OPTIMIZATION_LEVEL = "-O";
				USE_HEADERMAP = NO;
			};
			name = Release;
		};
/* End XCBuildConfiguration section */

/* Begin XCConfigurationList section */
		OBJ_19 /* Build configuration list for PBXNativeTarget "LSFoundation" */ = {
			isa = XCConfigurationList;
			buildConfigurations = (
				OBJ_20 /* Debug */,
				OBJ_21 /* Release */,
			);
			defaultConfigurationIsVisible = 0;
			defaultConfigurationName = Release;
		};
		OBJ_2 /* Build configuration list for PBXProject "LSFoundation" */ = {
			isa = XCConfigurationList;
			buildConfigurations = (
				OBJ_3 /* Debug */,
				OBJ_4 /* Release */,
			);
			defaultConfigurationIsVisible = 0;
			defaultConfigurationName = Release;
		};
		OBJ_26 /* Build configuration list for PBXNativeTarget "LSFoundationPackageDescription" */ = {
			isa = XCConfigurationList;
			buildConfigurations = (
				OBJ_27 /* Debug */,
				OBJ_28 /* Release */,
			);
			defaultConfigurationIsVisible = 0;
			defaultConfigurationName = Release;
		};
		OBJ_32 /* Build configuration list for PBXAggregateTarget "LSFoundationPackageTests" */ = {
			isa = XCConfigurationList;
			buildConfigurations = (
				OBJ_33 /* Debug */,
				OBJ_34 /* Release */,
			);
			defaultConfigurationIsVisible = 0;
			defaultConfigurationName = Release;
		};
		OBJ_37 /* Build configuration list for PBXNativeTarget "LSFoundationTests" */ = {
			isa = XCConfigurationList;
			buildConfigurations = (
				OBJ_38 /* Debug */,
				OBJ_39 /* Release */,
			);
			defaultConfigurationIsVisible = 0;
			defaultConfigurationName = Release;
		};
/* End XCConfigurationList section */
	};
	rootObject = OBJ_1 /* Project object */;
}
